<?xml version="1.0" encoding="utf-8"?>
<Project ToolsVersion="4.0" xmlns="http://schemas.microsoft.com/developer/msbuild/2003">
  <ItemGroup>
    <ClCompile Include="framework\EliteGeometry\EGeometry2DTypes.cpp">
      <Filter>framework</Filter>
    </ClCompile>
    <ClCompile Include="framework\EliteAI\EliteGraphs\EGraphConnectionTypes.cpp">
      <Filter>framework</Filter>
    </ClCompile>
    <ClCompile Include="framework\EliteInput\EInputManager.cpp">
      <Filter>framework</Filter>
    </ClCompile>
    <ClCompile Include="framework\EliteMath\EMatrix2x3.cpp">
      <Filter>framework</Filter>
    </ClCompile>
    <ClCompile Include="Plugin.cpp">
      <Filter>Plugin</Filter>
    </ClCompile>
    <ClCompile Include="stdafx.cpp">
      <Filter>Plugin</Filter>
    </ClCompile>
    <ClCompile Include="Time.cpp">
      <Filter>MyClasses</Filter>
    </ClCompile>
    <ClCompile Include="framework\Agent\BaseAgent.cpp">
      <Filter>MyClasses\Agent</Filter>
    </ClCompile>
    <ClCompile Include="ISurvivorAgent.cpp">
      <Filter>MyClasses\Agent</Filter>
    </ClCompile>
    <ClCompile Include="Inventory.cpp">
      <Filter>MyClasses\Agent</Filter>
    </ClCompile>
    <ClCompile Include="Memory.cpp">
      <Filter>MyClasses\Agent\Memory</Filter>
    </ClCompile>
    <ClCompile Include="SurvivorAgentMemory.cpp">
      <Filter>MyClasses\Agent\Memory</Filter>
    </ClCompile>
    <ClCompile Include="framework\SteeringBehaviors\Steering\SteeringBehaviors.cpp">
      <Filter>MyClasses\Agent\Steering</Filter>
    </ClCompile>
    <ClCompile Include="framework\Agent\SteeringAgent.cpp">
      <Filter>MyClasses\Agent\Steering</Filter>
    </ClCompile>
    <ClCompile Include="framework\SteeringBehaviors\Steering\CombinedSteeringBehaviors.cpp">
      <Filter>Customized\Steering</Filter>
    </ClCompile>
    <ClCompile Include="EBehaviorTree.cpp">
      <Filter>Customized\Behavior</Filter>
    </ClCompile>
    <ClCompile Include="framework\EliteAI\EliteGraphs\EGraphNodeTypes.cpp">
      <Filter>Customized\Graphs</Filter>
    </ClCompile>
    <ClCompile Include="framework\EliteAI\EliteGraphs\EliteGraphUtilities\EGraphRenderer.cpp">
      <Filter>Customized\Graphs</Filter>
    </ClCompile>
  </ItemGroup>
  <ItemGroup>
    <ClInclude Include="framework\EliteAI\EliteGraphs\EliteGraphAlgorithms\EAStar.h">
      <Filter>framework</Filter>
    </ClInclude>
    <ClInclude Include="framework\EliteAI\EliteGraphs\EliteGraphAlgorithms\EBFS.h">
      <Filter>framework</Filter>
    </ClInclude>
    <ClInclude Include="framework\EliteData\EBlackboard.h">
      <Filter>framework</Filter>
    </ClInclude>
    <ClInclude Include="framework\EliteDecisionMaking\EDecisionMaking.h">
      <Filter>framework</Filter>
    </ClInclude>
    <ClInclude Include="framework\EliteAI\EliteGraphs\EliteGraphAlgorithms\EEularianPath.h">
      <Filter>framework</Filter>
    </ClInclude>
    <ClInclude Include="framework\EliteGeometry\EGeometry.h">
      <Filter>framework</Filter>
    </ClInclude>
    <ClInclude Include="framework\EliteGeometry\EGeometry2DTypes.h">
      <Filter>framework</Filter>
    </ClInclude>
    <ClInclude Include="framework\EliteGeometry\EGeometry2DUtilities.h">
      <Filter>framework</Filter>
    </ClInclude>
    <ClInclude Include="framework\EliteAI\EliteGraphs\EGraph2D.h">
      <Filter>framework</Filter>
    </ClInclude>
    <ClInclude Include="framework\EliteAI\EliteGraphs\EGraphConnectionTypes.h">
      <Filter>framework</Filter>
    </ClInclude>
    <ClInclude Include="framework\EliteAI\EliteGraphs\EGraphEnums.h">
      <Filter>framework</Filter>
    </ClInclude>
    <ClInclude Include="framework\EliteAI\EliteGraphs\EliteGraphUtilities\EGraphVisuals.h">
      <Filter>framework</Filter>
    </ClInclude>
    <ClInclude Include="framework\EliteAI\EliteGraphs\EGraphVisuals.h">
      <Filter>framework</Filter>
    </ClInclude>
    <ClInclude Include="framework\EliteAI\EliteGraphs\EIGraph.h">
      <Filter>framework</Filter>
    </ClInclude>
    <ClInclude Include="framework\EliteInput\EInputCodes.h">
      <Filter>framework</Filter>
    </ClInclude>
    <ClInclude Include="framework\EliteInput\EInputData.h">
      <Filter>framework</Filter>
    </ClInclude>
    <ClInclude Include="framework\EliteInput\EInputManager.h">
      <Filter>framework</Filter>
    </ClInclude>
    <ClInclude Include="framework\EliteMath\EMat22.h">
      <Filter>framework</Filter>
    </ClInclude>
    <ClInclude Include="framework\EliteMath\EMath.h">
      <Filter>framework</Filter>
    </ClInclude>
    <ClInclude Include="framework\EliteMath\EMathUtilities.h">
      <Filter>framework</Filter>
    </ClInclude>
    <ClInclude Include="framework\EliteMath\EMatrix2x3.h">
      <Filter>framework</Filter>
    </ClInclude>
    <ClInclude Include="framework\EliteRendering\ERenderingTypes.h">
      <Filter>framework</Filter>
    </ClInclude>
    <ClInclude Include="framework\EliteHelpers\ESingleton.h">
      <Filter>framework</Filter>
    </ClInclude>
    <ClInclude Include="framework\EliteMath\EVector2.h">
      <Filter>framework</Filter>
    </ClInclude>
    <ClInclude Include="framework\EliteMath\EVector3.h">
      <Filter>framework</Filter>
    </ClInclude>
    <ClInclude Include="ExtendedStructs.h">
      <Filter>MyClasses</Filter>
    </ClInclude>
    <ClInclude Include="framework\EliteMath\FMatrix.h">
      <Filter>framework</Filter>
    </ClInclude>
    <ClInclude Include="Plugin.h">
      <Filter>Plugin</Filter>
    </ClInclude>
    <ClInclude Include="stdafx.h">
      <Filter>Plugin</Filter>
    </ClInclude>
    <ClInclude Include="framework\SteeringBehaviors\SteeringHelpers.h">
      <Filter>framework</Filter>
    </ClInclude>
    <ClInclude Include="Time.h">
      <Filter>MyClasses</Filter>
    </ClInclude>
    <ClInclude Include="framework\Agent\BaseAgent.h">
      <Filter>MyClasses\Agent</Filter>
    </ClInclude>
    <ClInclude Include="ISurvivorAgent.h">
      <Filter>MyClasses\Agent</Filter>
    </ClInclude>
    <ClInclude Include="Behaviors.h">
      <Filter>MyClasses\Behavior</Filter>
    </ClInclude>
    <ClInclude Include="framework\EliteDecisionMaking\EliteBehaviorTree\Behaviors.h">
      <Filter>MyClasses\Behavior</Filter>
    </ClInclude>
    <ClInclude Include="BT_Actions.h">
      <Filter>MyClasses\Behavior</Filter>
    </ClInclude>
    <ClInclude Include="BT_BlackboardGetters.h">
      <Filter>MyClasses\Behavior</Filter>
    </ClInclude>
    <ClInclude Include="BT_Conditions.h">
      <Filter>MyClasses\Behavior</Filter>
    </ClInclude>
    <ClInclude Include="Inventory.h">
      <Filter>MyClasses\Agent</Filter>
    </ClInclude>
    <ClInclude Include="Memory.h">
      <Filter>MyClasses\Agent\Memory</Filter>
    </ClInclude>
    <ClInclude Include="SurvivorAgentMemory.h">
      <Filter>MyClasses\Agent\Memory</Filter>
    </ClInclude>
    <ClInclude Include="framework\SteeringBehaviors\Steering\SteeringBehaviors.h">
      <Filter>MyClasses\Agent\Steering</Filter>
    </ClInclude>
    <ClInclude Include="framework\Agent\SteeringAgent.h">
      <Filter>MyClasses\Agent\Steering</Filter>
    </ClInclude>
    <ClInclude Include="framework\SteeringBehaviors\Steering\CombinedSteeringBehaviors.h">
      <Filter>Customized\Steering</Filter>
    </ClInclude>
    <ClInclude Include="EBehaviorTree.h">
      <Filter>Customized\Behavior</Filter>
    </ClInclude>
    <ClInclude Include="framework\EliteAI\EliteGraphs\EInfluenceMap.h">
      <Filter>Customized\Behavior</Filter>
    </ClInclude>
    <ClInclude Include="framework\EliteDecisionMaking\EInfluenceMap.h">
      <Filter>Customized\Behavior</Filter>
    </ClInclude>
    <ClInclude Include="framework\EliteAI\EliteGraphs\EGraphNodeTypes.h">
      <Filter>Customized\Graphs</Filter>
    </ClInclude>
    <ClInclude Include="framework\EliteAI\EliteGraphs\EliteGraphUtilities\EGraphRenderer.h">
      <Filter>Customized\Graphs</Filter>
    </ClInclude>
    <ClInclude Include="framework\EliteAI\EliteGraphs\EGridGraph.h">
      <Filter>Customized\Graphs</Filter>
    </ClInclude>
  </ItemGroup>
  <ItemGroup>
    <Filter Include="framework">
      <UniqueIdentifier>{eb5cac6f-de3b-43b7-b30e-aea9604c15cd}</UniqueIdentifier>
    </Filter>
    <Filter Include="MyClasses">
      <UniqueIdentifier>{80cc6081-546e-4bee-93d7-fde753de0fdb}</UniqueIdentifier>
    </Filter>
    <Filter Include="Customized">
      <UniqueIdentifier>{968f391b-71ad-492f-97bb-e9c1268615c3}</UniqueIdentifier>
    </Filter>
    <Filter Include="Plugin">
      <UniqueIdentifier>{06764340-1e29-4e27-afd5-66dd609a0fba}</UniqueIdentifier>
    </Filter>
    <Filter Include="MyClasses\Agent">
      <UniqueIdentifier>{081e8da8-ebda-4091-a4ad-ac8f372bd899}</UniqueIdentifier>
    </Filter>
    <Filter Include="MyClasses\Behavior">
      <UniqueIdentifier>{f34f0376-d626-421c-b389-eb69560e8f44}</UniqueIdentifier>
    </Filter>
    <Filter Include="MyClasses\Agent\Memory">
      <UniqueIdentifier>{45787cce-f04c-40df-bea0-3fd942eea848}</UniqueIdentifier>
    </Filter>
    <Filter Include="MyClasses\Agent\Steering">
      <UniqueIdentifier>{57d93111-fbb2-4017-b4ec-4e6ac1be96bf}</UniqueIdentifier>
    </Filter>
    <Filter Include="Customized\Steering">
      <UniqueIdentifier>{54cb417e-ecc9-4f46-8347-f4add1509d20}</UniqueIdentifier>
    </Filter>
    <Filter Include="Customized\Behavior">
      <UniqueIdentifier>{a3382f86-a651-45b2-9c06-b675fa69938f}</UniqueIdentifier>
    </Filter>
    <Filter Include="Customized\Graphs">
      <UniqueIdentifier>{2f95f9e7-fa6d-48f2-96b5-1d9f0d0969e3}</UniqueIdentifier>
    </Filter>
  </ItemGroup>
</Project>